
Microsoft Visual Studio Solution File, Format Version 12.00
# Visual Studio Version 17
VisualStudioVersion = 17.12.35707.178
MinimumVisualStudioVersion = 10.0.40219.1
Project("{FAE04EC0-301F-11D3-BF4B-00C04F79EFBC}") = "Interfas grafica dinamica", "Interfas grafica dinamica.csproj", "{5AC99649-2E81-4841-A31D-8355ADDA4AD6}"
EndProject
Project("{FAE04EC0-301F-11D3-BF4B-00C04F79EFBC}") = "AccesoBaseDatos1", "..\..\..\..\Downloads\AccesoBaseDatos1\AccesoBaseDatos1\AccesoBaseDatos1.csproj", "{AB537FDF-C091-469A-8A01-8E1968B3CC24}"
EndProject
Project("{FAE04EC0-301F-11D3-BF4B-00C04F79EFBC}") = "Alejandro", "..\Alejandro\Alejandro.csproj", "{82594619-B7F9-4BB4-BFC6-79183E6FC492}"
EndProject
Project("{FAE04EC0-301F-11D3-BF4B-00C04F79EFBC}") = "concurrencia3", "..\concurrencia3\concurrencia3.csproj", "{120281D7-D677-46D5-91D1-1991096C7689}"
EndProject
Project("{FAE04EC0-301F-11D3-BF4B-00C04F79EFBC}") = "prueba2", "..\prueba2\prueba2.csproj", "{8D75FFE9-F4A7-4928-AE36-69D155DC834A}"
EndProject
Project("{2150E333-8FDC-42A3-9474-1A3956D46DE8}") = "Elementos de la solución", "Elementos de la solución", "{21AB4641-C1DA-4390-A41B-97E6D955F2BF}"
EndProject
Project("{FAE04EC0-301F-11D3-BF4B-00C04F79EFBC}") = "AgendaPersonal", "..\..\AgendaPersonal\AgendaPersonal.csproj", "{9EACC0B2-30C4-403B-848F-7ADE90E9D559}"
EndProject
Global
	GlobalSection(SolutionConfigurationPlatforms) = preSolution
		Debug|Any CPU = Debug|Any CPU
		Release|Any CPU = Release|Any CPU
	EndGlobalSection
	GlobalSection(ProjectConfigurationPlatforms) = postSolution
		{5AC99649-2E81-4841-A31D-8355ADDA4AD6}.Debug|Any CPU.ActiveCfg = Debug|Any CPU
		{5AC99649-2E81-4841-A31D-8355ADDA4AD6}.Debug|Any CPU.Build.0 = Debug|Any CPU
		{5AC99649-2E81-4841-A31D-8355ADDA4AD6}.Release|Any CPU.ActiveCfg = Release|Any CPU
		{5AC99649-2E81-4841-A31D-8355ADDA4AD6}.Release|Any CPU.Build.0 = Release|Any CPU
		{AB537FDF-C091-469A-8A01-8E1968B3CC24}.Debug|Any CPU.ActiveCfg = Debug|Any CPU
		{AB537FDF-C091-469A-8A01-8E1968B3CC24}.Debug|Any CPU.Build.0 = Debug|Any CPU
		{AB537FDF-C091-469A-8A01-8E1968B3CC24}.Release|Any CPU.ActiveCfg = Release|Any CPU
		{AB537FDF-C091-469A-8A01-8E1968B3CC24}.Release|Any CPU.Build.0 = Release|Any CPU
		{82594619-B7F9-4BB4-BFC6-79183E6FC492}.Debug|Any CPU.ActiveCfg = Debug|Any CPU
		{82594619-B7F9-4BB4-BFC6-79183E6FC492}.Debug|Any CPU.Build.0 = Debug|Any CPU
		{82594619-B7F9-4BB4-BFC6-79183E6FC492}.Release|Any CPU.ActiveCfg = Release|Any CPU
		{82594619-B7F9-4BB4-BFC6-79183E6FC492}.Release|Any CPU.Build.0 = Release|Any CPU
		{120281D7-D677-46D5-91D1-1991096C7689}.Debug|Any CPU.ActiveCfg = Debug|Any CPU
		{120281D7-D677-46D5-91D1-1991096C7689}.Debug|Any CPU.Build.0 = Debug|Any CPU
		{120281D7-D677-46D5-91D1-1991096C7689}.Release|Any CPU.ActiveCfg = Release|Any CPU
		{120281D7-D677-46D5-91D1-1991096C7689}.Release|Any CPU.Build.0 = Release|Any CPU
		{8D75FFE9-F4A7-4928-AE36-69D155DC834A}.Debug|Any CPU.ActiveCfg = Debug|Any CPU
		{8D75FFE9-F4A7-4928-AE36-69D155DC834A}.Debug|Any CPU.Build.0 = Debug|Any CPU
		{8D75FFE9-F4A7-4928-AE36-69D155DC834A}.Release|Any CPU.ActiveCfg = Release|Any CPU
		{8D75FFE9-F4A7-4928-AE36-69D155DC834A}.Release|Any CPU.Build.0 = Release|Any CPU
		{9EACC0B2-30C4-403B-848F-7ADE90E9D559}.Debug|Any CPU.ActiveCfg = Debug|Any CPU
		{9EACC0B2-30C4-403B-848F-7ADE90E9D559}.Debug|Any CPU.Build.0 = Debug|Any CPU
		{9EACC0B2-30C4-403B-848F-7ADE90E9D559}.Release|Any CPU.ActiveCfg = Release|Any CPU
		{9EACC0B2-30C4-403B-848F-7ADE90E9D559}.Release|Any CPU.Build.0 = Release|Any CPU
	EndGlobalSection
	GlobalSection(SolutionProperties) = preSolution
		HideSolutionNode = FALSE
	EndGlobalSection
EndGlobal
